
Microsoft Visual Studio Solution File, Format Version 10.00
# Visual C# Express 2008
Project("{FAE04EC0-301F-11D3-BF4B-00C04F79EFBC}") = "利用開始", "利用開始\利用開始.csproj", "{BB83359A-9E4C-483E-B6D6-00A694F8E75E}"
EndProject
Global
	GlobalSection(SolutionConfigurationPlatforms) = preSolution
		Debug|Any CPU = Debug|Any CPU
		Release|Any CPU = Release|Any CPU
	EndGlobalSection
	GlobalSection(ProjectConfigurationPlatforms) = postSolution
		{BB83359A-9E4C-483E-B6D6-00A694F8E75E}.Debug|Any CPU.ActiveCfg = Debug|Any CPU
		{BB83359A-9E4C-483E-B6D6-00A694F8E75E}.Debug|Any CPU.Build.0 = Debug|Any CPU
		{BB83359A-9E4C-483E-B6D6-00A694F8E75E}.Release|Any CPU.ActiveCfg = Release|Any CPU
		{BB83359A-9E4C-483E-B6D6-00A694F8E75E}.Release|Any CPU.Build.0 = Release|Any CPU
	EndGlobalSection
	GlobalSection(SolutionProperties) = preSolution
		HideSolutionNode = FALSE
	EndGlobalSection
EndGlobal
